// !$*UTF8*$!
{
	archiveVersion = 1;
	classes = {
	};
	objectVersion = 55;
	objects = {

/* Begin PBXBuildFile section */
		2934C179284F2B0D00831513 /* AppDelegate.m in Sources */ = {isa = PBXBuildFile; fileRef = 2934C178284F2B0D00831513 /* AppDelegate.m */; };
		2934C17C284F2B0D00831513 /* SceneDelegate.m in Sources */ = {isa = PBXBuildFile; fileRef = 2934C17B284F2B0D00831513 /* SceneDelegate.m */; };
		2934C17F284F2B0D00831513 /* ViewController.m in Sources */ = {isa = PBXBuildFile; fileRef = 2934C17E284F2B0D00831513 /* ViewController.m */; };
		2934C182284F2B0D00831513 /* Main.storyboard in Resources */ = {isa = PBXBuildFile; fileRef = 2934C180284F2B0D00831513 /* Main.storyboard */; };
		2934C184284F2B1000831513 /* Assets.xcassets in Resources */ = {isa = PBXBuildFile; fileRef = 2934C183284F2B1000831513 /* Assets.xcassets */; };
		2934C187284F2B1000831513 /* LaunchScreen.storyboard in Resources */ = {isa = PBXBuildFile; fileRef = 2934C185284F2B1000831513 /* LaunchScreen.storyboard */; };
		2934C18A284F2B1000831513 /* main.m in Sources */ = {isa = PBXBuildFile; fileRef = 2934C189284F2B1000831513 /* main.m */; };
		2934C194284F2B1100831513 /* JsBridgeDemoTests.m in Sources */ = {isa = PBXBuildFile; fileRef = 2934C193284F2B1100831513 /* JsBridgeDemoTests.m */; };
		2934C19E284F2B1100831513 /* JsBridgeDemoUITests.m in Sources */ = {isa = PBXBuildFile; fileRef = 2934C19D284F2B1100831513 /* JsBridgeDemoUITests.m */; };
		2934C1A0284F2B1100831513 /* JsBridgeDemoUITestsLaunchTests.m in Sources */ = {isa = PBXBuildFile; fileRef = 2934C19F284F2B1100831513 /* JsBridgeDemoUITestsLaunchTests.m */; };
/* End PBXBuildFile section */

/* Begin PBXContainerItemProxy section */
		2934C190284F2B1100831513 /* PBXContainerItemProxy */ = {
			isa = PBXContainerItemProxy;
			containerPortal = 2934C16C284F2B0D00831513 /* Project object */;
			proxyType = 1;
			remoteGlobalIDString = 2934C173284F2B0D00831513;
			remoteInfo = JsBridgeDemo;
		};
		2934C19A284F2B1100831513 /* PBXContainerItemProxy */ = {
			isa = PBXContainerItemProxy;
			containerPortal = 2934C16C284F2B0D00831513 /* Project object */;
			proxyType = 1;
			remoteGlobalIDString = 2934C173284F2B0D00831513;
			remoteInfo = JsBridgeDemo;
		};
/* End PBXContainerItemProxy section */

/* Begin PBXFileReference section */
		2934C174284F2B0D00831513 /* JsBridgeDemo.app */ = {isa = PBXFileReference; explicitFileType = wrapper.application; includeInIndex = 0; path = JsBridgeDemo.app; sourceTree = BUILT_PRODUCTS_DIR; };
		2934C177284F2B0D00831513 /* AppDelegate.h */ = {isa = PBXFileReference; lastKnownFileType = sourcecode.c.h; path = AppDelegate.h; sourceTree = "<group>"; };
		2934C178284F2B0D00831513 /* AppDelegate.m */ = {isa = PBXFileReference; lastKnownFileType = sourcecode.c.objc; path = AppDelegate.m; sourceTree = "<group>"; };
		2934C17A284F2B0D00831513 /* SceneDelegate.h */ = {isa = PBXFileReference; lastKnownFileType = sourcecode.c.h; path = SceneDelegate.h; sourceTree = "<group>"; };
		2934C17B284F2B0D00831513 /* SceneDelegate.m */ = {isa = PBXFileReference; lastKnownFileType = sourcecode.c.objc; path = SceneDelegate.m; sourceTree = "<group>"; };
		2934C17D284F2B0D00831513 /* ViewController.h */ = {isa = PBXFileReference; lastKnownFileType = sourcecode.c.h; path = ViewController.h; sourceTree = "<group>"; };
		2934C17E284F2B0D00831513 /* ViewController.m */ = {isa = PBXFileReference; lastKnownFileType = sourcecode.c.objc; path = ViewController.m; sourceTree = "<group>"; };
		2934C181284F2B0D00831513 /* Base */ = {isa = PBXFileReference; lastKnownFileType = file.storyboard; name = Base; path = Base.lproj/Main.storyboard; sourceTree = "<group>"; };
		2934C183284F2B1000831513 /* Assets.xcassets */ = {isa = PBXFileReference; lastKnownFileType = folder.assetcatalog; path = Assets.xcassets; sourceTree = "<group>"; };
		2934C186284F2B1000831513 /* Base */ = {isa = PBXFileReference; lastKnownFileType = file.storyboard; name = Base; path = Base.lproj/LaunchScreen.storyboard; sourceTree = "<group>"; };
		2934C188284F2B1000831513 /* Info.plist */ = {isa = PBXFileReference; lastKnownFileType = text.plist.xml; path = Info.plist; sourceTree = "<group>"; };
		2934C189284F2B1000831513 /* main.m */ = {isa = PBXFileReference; lastKnownFileType = sourcecode.c.objc; path = main.m; sourceTree = "<group>"; };
		2934C18F284F2B1100831513 /* JsBridgeDemoTests.xctest */ = {isa = PBXFileReference; explicitFileType = wrapper.cfbundle; includeInIndex = 0; path = JsBridgeDemoTests.xctest; sourceTree = BUILT_PRODUCTS_DIR; };
		2934C193284F2B1100831513 /* JsBridgeDemoTests.m */ = {isa = PBXFileReference; lastKnownFileType = sourcecode.c.objc; path = JsBridgeDemoTests.m; sourceTree = "<group>"; };
		2934C199284F2B1100831513 /* JsBridgeDemoUITests.xctest */ = {isa = PBXFileReference; explicitFileType = wrapper.cfbundle; includeInIndex = 0; path = JsBridgeDemoUITests.xctest; sourceTree = BUILT_PRODUCTS_DIR; };
		2934C19D284F2B1100831513 /* JsBridgeDemoUITests.m */ = {isa = PBXFileReference; lastKnownFileType = sourcecode.c.objc; path = JsBridgeDemoUITests.m; sourceTree = "<group>"; };
		2934C19F284F2B1100831513 /* JsBridgeDemoUITestsLaunchTests.m */ = {isa = PBXFileReference; lastKnownFileType = sourcecode.c.objc; path = JsBridgeDemoUITestsLaunchTests.m; sourceTree = "<group>"; };
/* End PBXFileReference section */

/* Begin PBXFrameworksBuildPhase section */
		2934C171284F2B0D00831513 /* Frameworks */ = {
			isa = PBXFrameworksBuildPhase;
			buildActionMask = 2147483647;
			files = (
			);
			runOnlyForDeploymentPostprocessing = 0;
		};
		2934C18C284F2B1100831513 /* Frameworks */ = {
			isa = PBXFrameworksBuildPhase;
			buildActionMask = 2147483647;
			files = (
			);
			runOnlyForDeploymentPostprocessing = 0;
		};
		2934C196284F2B1100831513 /* Frameworks */ = {
			isa = PBXFrameworksBuildPhase;
			buildActionMask = 2147483647;
			files = (
			);
			runOnlyForDeploymentPostprocessing = 0;
		};
/* End PBXFrameworksBuildPhase section */

/* Begin PBXGroup section */
		2934C16B284F2B0D00831513 = {
			isa = PBXGroup;
			children = (
				2934C176284F2B0D00831513 /* JsBridgeDemo */,
				2934C192284F2B1100831513 /* JsBridgeDemoTests */,
				2934C19C284F2B1100831513 /* JsBridgeDemoUITests */,
				2934C175284F2B0D00831513 /* Products */,
			);
			sourceTree = "<group>";
		};
		2934C175284F2B0D00831513 /* Products */ = {
			isa = PBXGroup;
			children = (
				2934C174284F2B0D00831513 /* JsBridgeDemo.app */,
				2934C18F284F2B1100831513 /* JsBridgeDemoTests.xctest */,
				2934C199284F2B1100831513 /* JsBridgeDemoUITests.xctest */,
			);
			name = Products;
			sourceTree = "<group>";
		};
		2934C176284F2B0D00831513 /* JsBridgeDemo */ = {
			isa = PBXGroup;
			children = (
				2934C177284F2B0D00831513 /* AppDelegate.h */,
				2934C178284F2B0D00831513 /* AppDelegate.m */,
				2934C17A284F2B0D00831513 /* SceneDelegate.h */,
				2934C17B284F2B0D00831513 /* SceneDelegate.m */,
				2934C17D284F2B0D00831513 /* ViewController.h */,
				2934C17E284F2B0D00831513 /* ViewController.m */,
				2934C180284F2B0D00831513 /* Main.storyboard */,
				2934C183284F2B1000831513 /* Assets.xcassets */,
				2934C185284F2B1000831513 /* LaunchScreen.storyboard */,
				2934C188284F2B1000831513 /* Info.plist */,
				2934C189284F2B1000831513 /* main.m */,
			);
			path = JsBridgeDemo;
			sourceTree = "<group>";
		};
		2934C192284F2B1100831513 /* JsBridgeDemoTests */ = {
			isa = PBXGroup;
			children = (
				2934C193284F2B1100831513 /* JsBridgeDemoTests.m */,
			);
			path = JsBridgeDemoTests;
			sourceTree = "<group>";
		};
		2934C19C284F2B1100831513 /* JsBridgeDemoUITests */ = {
			isa = PBXGroup;
			children = (
				2934C19D284F2B1100831513 /* JsBridgeDemoUITests.m */,
				2934C19F284F2B1100831513 /* JsBridgeDemoUITestsLaunchTests.m */,
			);
			path = JsBridgeDemoUITests;
			sourceTree = "<group>";
		};
/* End PBXGroup section */

/* Begin PBXNativeTarget section */
		2934C173284F2B0D00831513 /* JsBridgeDemo */ = {
			isa = PBXNativeTarget;
			buildConfigurationList = 2934C1A3284F2B1100831513 /* Build configuration list for PBXNativeTarget "JsBridgeDemo" */;
			buildPhases = (
				2934C170284F2B0D00831513 /* Sources */,
				2934C171284F2B0D00831513 /* Frameworks */,
				2934C172284F2B0D00831513 /* Resources */,
			);
			buildRules = (
			);
			dependencies = (
			);
			name = JsBridgeDemo;
			productName = JsBridgeDemo;
			productReference = 2934C174284F2B0D00831513 /* JsBridgeDemo.app */;
			productType = "com.apple.product-type.application";
		};
		2934C18E284F2B1100831513 /* JsBridgeDemoTests */ = {
			isa = PBXNativeTarget;
			buildConfigurationList = 2934C1A6284F2B1100831513 /* Build configuration list for PBXNativeTarget "JsBridgeDemoTests" */;
			buildPhases = (
				2934C18B284F2B1100831513 /* Sources */,
				2934C18C284F2B1100831513 /* Frameworks */,
				2934C18D284F2B1100831513 /* Resources */,
			);
			buildRules = (
			);
			dependencies = (
				2934C191284F2B1100831513 /* PBXTargetDependency */,
			);
			name = JsBridgeDemoTests;
			productName = JsBridgeDemoTests;
			productReference = 2934C18F284F2B1100831513 /* JsBridgeDemoTests.xctest */;
			productType = "com.apple.product-type.bundle.unit-test";
		};
		2934C198284F2B1100831513 /* JsBridgeDemoUITests */ = {
			isa = PBXNativeTarget;
			buildConfigurationList = 2934C1A9284F2B1100831513 /* Build configuration list for PBXNativeTarget "JsBridgeDemoUITests" */;
			buildPhases = (
				2934C195284F2B1100831513 /* Sources */,
				2934C196284F2B1100831513 /* Frameworks */,
				2934C197284F2B1100831513 /* Resources */,
			);
			buildRules = (
			);
			dependencies = (
				2934C19B284F2B1100831513 /* PBXTargetDependency */,
			);
			name = JsBridgeDemoUITests;
			productName = JsBridgeDemoUITests;
			productReference = 2934C199284F2B1100831513 /* JsBridgeDemoUITests.xctest */;
			productType = "com.apple.product-type.bundle.ui-testing";
		};
/* End PBXNativeTarget section */

/* Begin PBXProject section */
		2934C16C284F2B0D00831513 /* Project object */ = {
			isa = PBXProject;
			attributes = {
				BuildIndependentTargetsInParallel = 1;
				LastUpgradeCheck = 1340;
				TargetAttributes = {
					2934C173284F2B0D00831513 = {
						CreatedOnToolsVersion = 13.4;
					};
					2934C18E284F2B1100831513 = {
						CreatedOnToolsVersion = 13.4;
						TestTargetID = 2934C173284F2B0D00831513;
					};
					2934C198284F2B1100831513 = {
						CreatedOnToolsVersion = 13.4;
						TestTargetID = 2934C173284F2B0D00831513;
					};
				};
			};
			buildConfigurationList = 2934C16F284F2B0D00831513 /* Build configuration list for PBXProject "JsBridgeDemo" */;
			compatibilityVersion = "Xcode 13.0";
			developmentRegion = en;
			hasScannedForEncodings = 0;
			knownRegions = (
				en,
				Base,
			);
			mainGroup = 2934C16B284F2B0D00831513;
			productRefGroup = 2934C175284F2B0D00831513 /* Products */;
			projectDirPath = "";
			projectRoot = "";
			targets = (
				2934C173284F2B0D00831513 /* JsBridgeDemo */,
				2934C18E284F2B1100831513 /* JsBridgeDemoTests */,
				2934C198284F2B1100831513 /* JsBridgeDemoUITests */,
			);
		};
/* End PBXProject section */

/* Begin PBXResourcesBuildPhase section */
		2934C172284F2B0D00831513 /* Resources */ = {
			isa = PBXResourcesBuildPhase;
			buildActionMask = 2147483647;
			files = (
				2934C187284F2B1000831513 /* LaunchScreen.storyboard in Resources */,
				2934C184284F2B1000831513 /* Assets.xcassets in Resources */,
				2934C182284F2B0D00831513 /* Main.storyboard in Resources */,
			);
			runOnlyForDeploymentPostprocessing = 0;
		};
		2934C18D284F2B1100831513 /* Resources */ = {
			isa = PBXResourcesBuildPhase;
			buildActionMask = 2147483647;
			files = (
			);
			runOnlyForDeploymentPostprocessing = 0;
		};
		2934C197284F2B1100831513 /* Resources */ = {
			isa = PBXResourcesBuildPhase;
			buildActionMask = 2147483647;
			files = (
			);
			runOnlyForDeploymentPostprocessing = 0;
		};
/* End PBXResourcesBuildPhase section */

/* Begin PBXSourcesBuildPhase section */
		2934C170284F2B0D00831513 /* Sources */ = {
			isa = PBXSourcesBuildPhase;
			buildActionMask = 2147483647;
			files = (
				2934C17F284F2B0D00831513 /* ViewController.m in Sources */,
				2934C179284F2B0D00831513 /* AppDelegate.m in Sources */,
				2934C18A284F2B1000831513 /* main.m in Sources */,
				2934C17C284F2B0D00831513 /* SceneDelegate.m in Sources */,
			);
			runOnlyForDeploymentPostprocessing = 0;
		};
		2934C18B284F2B1100831513 /* Sources */ = {
			isa = PBXSourcesBuildPhase;
			buildActionMask = 2147483647;
			files = (
				2934C194284F2B1100831513 /* JsBridgeDemoTests.m in Sources */,
			);
			runOnlyForDeploymentPostprocessing = 0;
		};
		2934C195284F2B1100831513 /* Sources */ = {
			isa = PBXSourcesBuildPhase;
			buildActionMask = 2147483647;
			files = (
				2934C1A0284F2B1100831513 /* JsBridgeDemoUITestsLaunchTests.m in Sources */,
				2934C19E284F2B1100831513 /* JsBridgeDemoUITests.m in Sources */,
			);
			runOnlyForDeploymentPostprocessing = 0;
		};
/* End PBXSourcesBuildPhase section */

/* Begin PBXTargetDependency section */
		2934C191284F2B1100831513 /* PBXTargetDependency */ = {
			isa = PBXTargetDependency;
			target = 2934C173284F2B0D00831513 /* JsBridgeDemo */;
			targetProxy = 2934C190284F2B1100831513 /* PBXContainerItemProxy */;
		};
		2934C19B284F2B1100831513 /* PBXTargetDependency */ = {
			isa = PBXTargetDependency;
			target = 2934C173284F2B0D00831513 /* JsBridgeDemo */;
			targetProxy = 2934C19A284F2B1100831513 /* PBXContainerItemProxy */;
		};
/* End PBXTargetDependency section */

/* Begin PBXVariantGroup section */
		2934C180284F2B0D00831513 /* Main.storyboard */ = {
			isa = PBXVariantGroup;
			children = (
				2934C181284F2B0D00831513 /* Base */,
			);
			name = Main.storyboard;
			sourceTree = "<group>";
		};
		2934C185284F2B1000831513 /* LaunchScreen.storyboard */ = {
			isa = PBXVariantGroup;
			children = (
				2934C186284F2B1000831513 /* Base */,
			);
			name = LaunchScreen.storyboard;
			sourceTree = "<group>";
		};
/* End PBXVariantGroup section */

/* Begin XCBuildConfiguration section */
		2934C1A1284F2B1100831513 /* Debug */ = {
			isa = XCBuildConfiguration;
			buildSettings = {
				ALWAYS_SEARCH_USER_PATHS = NO;
				CLANG_ANALYZER_NONNULL = YES;
				CLANG_ANALYZER_NUMBER_OBJECT_CONVERSION = YES_AGGRESSIVE;
				CLANG_CXX_LANGUAGE_STANDARD = "gnu++17";
				CLANG_ENABLE_MODULES = YES;
				CLANG_ENABLE_OBJC_ARC = YES;
				CLANG_ENABLE_OBJC_WEAK = YES;
				CLANG_WARN_BLOCK_CAPTURE_AUTORELEASING = YES;
				CLANG_WARN_BOOL_CONVERSION = YES;
				CLANG_WARN_COMMA = YES;
				CLANG_WARN_CONSTANT_CONVERSION = YES;
				CLANG_WARN_DEPRECATED_OBJC_IMPLEMENTATIONS = YES;
				CLANG_WARN_DIRECT_OBJC_ISA_USAGE = YES_ERROR;
				CLANG_WARN_DOCUMENTATION_COMMENTS = YES;
				CLANG_WARN_EMPTY_BODY = YES;
				CLANG_WARN_ENUM_CONVERSION = YES;
				CLANG_WARN_INFINITE_RECURSION = YES;
				CLANG_WARN_INT_CONVERSION = YES;
				CLANG_WARN_NON_LITERAL_NULL_CONVERSION = YES;
				CLANG_WARN_OBJC_IMPLICIT_RETAIN_SELF = YES;
				CLANG_WARN_OBJC_LITERAL_CONVERSION = YES;
				CLANG_WARN_OBJC_ROOT_CLASS = YES_ERROR;
				CLANG_WARN_QUOTED_INCLUDE_IN_FRAMEWORK_HEADER = YES;
				CLANG_WARN_RANGE_LOOP_ANALYSIS = YES;
				CLANG_WARN_STRICT_PROTOTYPES = YES;
				CLANG_WARN_SUSPICIOUS_MOVE = YES;
				CLANG_WARN_UNGUARDED_AVAILABILITY = YES_AGGRESSIVE;
				CLANG_WARN_UNREACHABLE_CODE = YES;
				CLANG_WARN__DUPLICATE_METHOD_MATCH = YES;
				COPY_PHASE_STRIP = NO;
				DEBUG_INFORMATION_FORMAT = dwarf;
				ENABLE_STRICT_OBJC_MSGSEND = YES;
				ENABLE_TESTABILITY = YES;
				GCC_C_LANGUAGE_STANDARD = gnu11;
				GCC_DYNAMIC_NO_PIC = NO;
				GCC_NO_COMMON_BLOCKS = YES;
				GCC_OPTIMIZATION_LEVEL = 0;
				GCC_PREPROCESSOR_DEFINITIONS = (
					"DEBUG=1",
					"$(inherited)",
				);
				GCC_WARN_64_TO_32_BIT_CONVERSION = YES;
				GCC_WARN_ABOUT_RETURN_TYPE = YES_ERROR;
				GCC_WARN_UNDECLARED_SELECTOR = YES;
				GCC_WARN_UNINITIALIZED_AUTOS = YES_AGGRESSIVE;
				GCC_WARN_UNUSED_FUNCTION = YES;
				GCC_WARN_UNUSED_VARIABLE = YES;
				IPHONEOS_DEPLOYMENT_TARGET = 15.5;
				MTL_ENABLE_DEBUG_INFO = INCLUDE_SOURCE;
				MTL_FAST_MATH = YES;
				ONLY_ACTIVE_ARCH = YES;
				SDKROOT = iphoneos;
			};
			name = Debug;
		};
		2934C1A2284F2B1100831513 /* Release */ = {
			isa = XCBuildConfiguration;
			buildSettings = {
				ALWAYS_SEARCH_USER_PATHS = NO;
				CLANG_ANALYZER_NONNULL = YES;
				CLANG_ANALYZER_NUMBER_OBJECT_CONVERSION = YES_AGGRESSIVE;
				CLANG_CXX_LANGUAGE_STANDARD = "gnu++17";
				CLANG_ENABLE_MODULES = YES;
				CLANG_ENABLE_OBJC_ARC = YES;
				CLANG_ENABLE_OBJC_WEAK = YES;
				CLANG_WARN_BLOCK_CAPTURE_AUTORELEASING = YES;
				CLANG_WARN_BOOL_CONVERSION = YES;
				CLANG_WARN_COMMA = YES;
				CLANG_WARN_CONSTANT_CONVERSION = YES;
				CLANG_WARN_DEPRECATED_OBJC_IMPLEMENTATIONS = YES;
				CLANG_WARN_DIRECT_OBJC_ISA_USAGE = YES_ERROR;
				CLANG_WARN_DOCUMENTATION_COMMENTS = YES;
				CLANG_WARN_EMPTY_BODY = YES;
				CLANG_WARN_ENUM_CONVERSION = YES;
				CLANG_WARN_INFINITE_RECURSION = YES;
				CLANG_WARN_INT_CONVERSION = YES;
				CLANG_WARN_NON_LITERAL_NULL_CONVERSION = YES;
				CLANG_WARN_OBJC_IMPLICIT_RETAIN_SELF = YES;
				CLANG_WARN_OBJC_LITERAL_CONVERSION = YES;
				CLANG_WARN_OBJC_ROOT_CLASS = YES_ERROR;
				CLANG_WARN_QUOTED_INCLUDE_IN_FRAMEWORK_HEADER = YES;
				CLANG_WARN_RANGE_LOOP_ANALYSIS = YES;
				CLANG_WARN_STRICT_PROTOTYPES = YES;
				CLANG_WARN_SUSPICIOUS_MOVE = YES;
				CLANG_WARN_UNGUARDED_AVAILABILITY = YES_AGGRESSIVE;
				CLANG_WARN_UNREACHABLE_CODE = YES;
				CLANG_WARN__DUPLICATE_METHOD_MATCH = YES;
				COPY_PHASE_STRIP = NO;
				DEBUG_INFORMATION_FORMAT = "dwarf-with-dsym";
				ENABLE_NS_ASSERTIONS = NO;
				ENABLE_STRICT_OBJC_MSGSEND = YES;
				GCC_C_LANGUAGE_STANDARD = gnu11;
				GCC_NO_COMMON_BLOCKS = YES;
				GCC_WARN_64_TO_32_BIT_CONVERSION = YES;
				GCC_WARN_ABOUT_RETURN_TYPE = YES_ERROR;
				GCC_WARN_UNDECLARED_SELECTOR = YES;
				GCC_WARN_UNINITIALIZED_AUTOS = YES_AGGRESSIVE;
				GCC_WARN_UNUSED_FUNCTION = YES;
				GCC_WARN_UNUSED_VARIABLE = YES;
				IPHONEOS_DEPLOYMENT_TARGET = 15.5;
				MTL_ENABLE_DEBUG_INFO = NO;
				MTL_FAST_MATH = YES;
				SDKROOT = iphoneos;
				VALIDATE_PRODUCT = YES;
			};
			name = Release;
		};
		2934C1A4284F2B1100831513 /* Debug */ = {
			isa = XCBuildConfiguration;
			buildSettings = {
				ASSETCATALOG_COMPILER_APPICON_NAME = AppIcon;
				ASSETCATALOG_COMPILER_GLOBAL_ACCENT_COLOR_NAME = AccentColor;
				CODE_SIGN_STYLE = Automatic;
				CURRENT_PROJECT_VERSION = 1;
				DEVELOPMENT_TEAM = D75AX9VL3J;
				GENERATE_INFOPLIST_FILE = YES;
				INFOPLIST_FILE = JsBridgeDemo/Info.plist;
				INFOPLIST_KEY_UIApplicationSupportsIndirectInputEvents = YES;
				INFOPLIST_KEY_UILaunchStoryboardName = LaunchScreen;
				INFOPLIST_KEY_UIMainStoryboardFile = Main;
				INFOPLIST_KEY_UISupportedInterfaceOrientations_iPad = "UIInterfaceOrientationPortrait UIInterfaceOrientationPortraitUpsideDown UIInterfaceOrientationLandscapeLeft UIInterfaceOrientationLandscapeRight";
				INFOPLIST_KEY_UISupportedInterfaceOrientations_iPhone = "UIInterfaceOrientationPortrait UIInterfaceOrientationLandscapeLeft UIInterfaceOrientationLandscapeRight";
				LD_RUNPATH_SEARCH_PATHS = (
					"$(inherited)",
					"@executable_path/Frameworks",
				);
				MARKETING_VERSION = 1.0;
				PRODUCT_BUNDLE_IDENTIFIER = com.uepay.jsBridge.JsBridgeDemo;
				PRODUCT_NAME = "$(TARGET_NAME)";
				SWIFT_EMIT_LOC_STRINGS = YES;
				TARGETED_DEVICE_FAMILY = "1,2";
			};
			name = Debug;
		};
		2934C1A5284F2B1100831513 /* Release */ = {
			isa = XCBuildConfiguration;
			buildSettings = {
				ASSETCATALOG_COMPILER_APPICON_NAME = AppIcon;
				ASSETCATALOG_COMPILER_GLOBAL_ACCENT_COLOR_NAME = AccentColor;
				CODE_SIGN_STYLE = Automatic;
				CURRENT_PROJECT_VERSION = 1;
				DEVELOPMENT_TEAM = D75AX9VL3J;
				GENERATE_INFOPLIST_FILE = YES;
				INFOPLIST_FILE = JsBridgeDemo/Info.plist;
				INFOPLIST_KEY_UIApplicationSupportsIndirectInputEvents = YES;
				INFOPLIST_KEY_UILaunchStoryboardName = LaunchScreen;
				INFOPLIST_KEY_UIMainStoryboardFile = Main;
				INFOPLIST_KEY_UISupportedInterfaceOrientations_iPad = "UIInterfaceOrientationPortrait UIInterfaceOrientationPortraitUpsideDown UIInterfaceOrientationLandscapeLeft UIInterfaceOrientationLandscapeRight";
				INFOPLIST_KEY_UISupportedInterfaceOrientations_iPhone = "UIInterfaceOrientationPortrait UIInterfaceOrientationLandscapeLeft UIInterfaceOrientationLandscapeRight";
				LD_RUNPATH_SEARCH_PATHS = (
					"$(inherited)",
					"@executable_path/Frameworks",
				);
				MARKETING_VERSION = 1.0;
				PRODUCT_BUNDLE_IDENTIFIER = com.uepay.jsBridge.JsBridgeDemo;
				PRODUCT_NAME = "$(TARGET_NAME)";
				SWIFT_EMIT_LOC_STRINGS = YES;
				TARGETED_DEVICE_FAMILY = "1,2";
			};
			name = Release;
		};
		2934C1A7284F2B1100831513 /* Debug */ = {
			isa = XCBuildConfiguration;
			buildSettings = {
				BUNDLE_LOADER = "$(TEST_HOST)";
				CODE_SIGN_STYLE = Automatic;
				CURRENT_PROJECT_VERSION = 1;
				DEVELOPMENT_TEAM = D75AX9VL3J;
				GENERATE_INFOPLIST_FILE = YES;
				IPHONEOS_DEPLOYMENT_TARGET = 15.5;
				MARKETING_VERSION = 1.0;
				PRODUCT_BUNDLE_IDENTIFIER = com.uepay.jsBridge.JsBridgeDemoTests;
				PRODUCT_NAME = "$(TARGET_NAME)";
				SWIFT_EMIT_LOC_STRINGS = NO;
				TARGETED_DEVICE_FAMILY = "1,2";
				TEST_HOST = "$(BUILT_PRODUCTS_DIR)/JsBridgeDemo.app/JsBridgeDemo";
			};
			name = Debug;
		};
		2934C1A8284F2B1100831513 /* Release */ = {
			isa = XCBuildConfiguration;
			buildSettings = {
				BUNDLE_LOADER = "$(TEST_HOST)";
				CODE_SIGN_STYLE = Automatic;
				CURRENT_PROJECT_VERSION = 1;
				DEVELOPMENT_TEAM = D75AX9VL3J;
				GENERATE_INFOPLIST_FILE = YES;
				IPHONEOS_DEPLOYMENT_TARGET = 15.5;
				MARKETING_VERSION = 1.0;
				PRODUCT_BUNDLE_IDENTIFIER = com.uepay.jsBridge.JsBridgeDemoTests;
				PRODUCT_NAME = "$(TARGET_NAME)";
				SWIFT_EMIT_LOC_STRINGS = NO;
				TARGETED_DEVICE_FAMILY = "1,2";
				TEST_HOST = "$(BUILT_PRODUCTS_DIR)/JsBridgeDemo.app/JsBridgeDemo";
			};
			name = Release;
		};
		2934C1AA284F2B1100831513 /* Debug */ = {
			isa = XCBuildConfiguration;
			buildSettings = {
				CODE_SIGN_STYLE = Automatic;
				CURRENT_PROJECT_VERSION = 1;
				DEVELOPMENT_TEAM = D75AX9VL3J;
				GENERATE_INFOPLIST_FILE = YES;
				MARKETING_VERSION = 1.0;
				PRODUCT_BUNDLE_IDENTIFIER = com.uepay.jsBridge.JsBridgeDemoUITests;
				PRODUCT_NAME = "$(TARGET_NAME)";
				SWIFT_EMIT_LOC_STRINGS = NO;
				TARGETED_DEVICE_FAMILY = "1,2";
				TEST_TARGET_NAME = JsBridgeDemo;
			};
			name = Debug;
		};
		2934C1AB284F2B1100831513 /* Release */ = {
			isa = XCBuildConfiguration;
			buildSettings = {
				CODE_SIGN_STYLE = Automatic;
				CURRENT_PROJECT_VERSION = 1;
				DEVELOPMENT_TEAM = D75AX9VL3J;
				GENERATE_INFOPLIST_FILE = YES;
				MARKETING_VERSION = 1.0;
				PRODUCT_BUNDLE_IDENTIFIER = com.uepay.jsBridge.JsBridgeDemoUITests;
				PRODUCT_NAME = "$(TARGET_NAME)";
				SWIFT_EMIT_LOC_STRINGS = NO;
				TARGETED_DEVICE_FAMILY = "1,2";
				TEST_TARGET_NAME = JsBridgeDemo;
			};
			name = Release;
		};
/* End XCBuildConfiguration section */

/* Begin XCConfigurationList section */
		2934C16F284F2B0D00831513 /* Build configuration list for PBXProject "JsBridgeDemo" */ = {
			isa = XCConfigurationList;
			buildConfigurations = (
				2934C1A1284F2B1100831513 /* Debug */,
				2934C1A2284F2B1100831513 /* Release */,
			);
			defaultConfigurationIsVisible = 0;
			defaultConfigurationName = Release;
		};
		2934C1A3284F2B1100831513 /* Build configuration list for PBXNativeTarget "JsBridgeDemo" */ = {
			isa = XCConfigurationList;
			buildConfigurations = (
				2934C1A4284F2B1100831513 /* Debug */,
				2934C1A5284F2B1100831513 /* Release */,
			);
			defaultConfigurationIsVisible = 0;
			defaultConfigurationName = Release;
		};
		2934C1A6284F2B1100831513 /* Build configuration list for PBXNativeTarget "JsBridgeDemoTests" */ = {
			isa = XCConfigurationList;
			buildConfigurations = (
				2934C1A7284F2B1100831513 /* Debug */,
				2934C1A8284F2B1100831513 /* Release */,
			);
			defaultConfigurationIsVisible = 0;
			defaultConfigurationName = Release;
		};
		2934C1A9284F2B1100831513 /* Build configuration list for PBXNativeTarget "JsBridgeDemoUITests" */ = {
			isa = XCConfigurationList;
			buildConfigurations = (
				2934C1AA284F2B1100831513 /* Debug */,
				2934C1AB284F2B1100831513 /* Release */,
			);
			defaultConfigurationIsVisible = 0;
			defaultConfigurationName = Release;
		};
/* End XCConfigurationList section */
	};
	rootObject = 2934C16C284F2B0D00831513 /* Project object */;
}
